// !$*UTF8*$!
{
	archiveVersion = 1;
	classes = {
	};
	objectVersion = 46;
	objects = {

/* Begin PBXBuildFile section */
		344EA683245591EB00CFEE0A /* KVPDictionary.m in Sources */ = {isa = PBXBuildFile; fileRef = 344EA682245591EB00CFEE0A /* KVPDictionary.m */; };
		344EA6872455CB1D00CFEE0A /* KVPMutableDictionary.m in Sources */ = {isa = PBXBuildFile; fileRef = 344EA6862455CB1D00CFEE0A /* KVPMutableDictionary.m */; };
		344EA68A2455DBE700CFEE0A /* PDPMessage.m in Sources */ = {isa = PBXBuildFile; fileRef = 344EA6892455DBE700CFEE0A /* PDPMessage.m */; };
		344EA690245783F900CFEE0A /* libsodium.a in Frameworks */ = {isa = PBXBuildFile; fileRef = 344EA68F245783F900CFEE0A /* libsodium.a */; };
		344EA693245785BD00CFEE0A /* libsodium.a in Frameworks */ = {isa = PBXBuildFile; fileRef = 344EA692245785BD00CFEE0A /* libsodium.a */; };
		349345BE257276BC000132EF /* TCPServer.m in Sources */ = {isa = PBXBuildFile; fileRef = 349345BD257276BC000132EF /* TCPServer.m */; };
		349345C125727772000132EF /* TCPConnection.m in Sources */ = {isa = PBXBuildFile; fileRef = 349345C025727772000132EF /* TCPConnection.m */; };
		3498D5ED244C8DD000DC2101 /* NSError+ConvenienceConstructors.m in Sources */ = {isa = PBXBuildFile; fileRef = 3498D5EC244C8DD000DC2101 /* NSError+ConvenienceConstructors.m */; };
		3498D5F0244CE6DC00DC2101 /* IPInterface.m in Sources */ = {isa = PBXBuildFile; fileRef = 3498D5EF244CE6DC00DC2101 /* IPInterface.m */; };
		349A85E62449CF6B001AE238 /* Cocoa.framework in Frameworks */ = {isa = PBXBuildFile; fileRef = 349A85E52449CF6B001AE238 /* Cocoa.framework */; };
		349A85F02449CF6B001AE238 /* InfoPlist.strings in Resources */ = {isa = PBXBuildFile; fileRef = 349A85EE2449CF6B001AE238 /* InfoPlist.strings */; };
		349A85F32449CF6B001AE238 /* main.m in Sources */ = {isa = PBXBuildFile; fileRef = 349A85F22449CF6B001AE238 /* main.m */; };
		349A85F62449CF6B001AE238 /* Credits.rtf in Resources */ = {isa = PBXBuildFile; fileRef = 349A85F42449CF6B001AE238 /* Credits.rtf */; };
		349A85F92449CF6B001AE238 /* OktettAppDelegate.m in Sources */ = {isa = PBXBuildFile; fileRef = 349A85F82449CF6B001AE238 /* OktettAppDelegate.m */; };
		349A85FC2449CF6B001AE238 /* MainMenu.xib in Resources */ = {isa = PBXBuildFile; fileRef = 349A85FA2449CF6B001AE238 /* MainMenu.xib */; };
		349A86042449FEEB001AE238 /* OktettWindowController.m in Sources */ = {isa = PBXBuildFile; fileRef = 349A86032449FEEB001AE238 /* OktettWindowController.m */; };
		349E67EA244ECF7E00A2E741 /* UDPMessenger.m in Sources */ = {isa = PBXBuildFile; fileRef = 349E67E9244ECF7E00A2E741 /* UDPMessenger.m */; };
		349E67EE244EE4D800A2E741 /* PDPAgent.m in Sources */ = {isa = PBXBuildFile; fileRef = 349E67ED244EE4D800A2E741 /* PDPAgent.m */; };
		349E67F1244EE4F100A2E741 /* PDPPeer.m in Sources */ = {isa = PBXBuildFile; fileRef = 349E67F0244EE4F100A2E741 /* PDPPeer.m */; };
		349E6807245192D900A2E741 /* NSString+Additions.m in Sources */ = {isa = PBXBuildFile; fileRef = 349E6806245192D900A2E741 /* NSString+Additions.m */; };
		34AEE393244A3E90004E6CEC /* README.txt in Resources */ = {isa = PBXBuildFile; fileRef = 34AEE392244A3E90004E6CEC /* README.txt */; };
		34B60C06244E3B2A006C62B9 /* IPAddress.m in Sources */ = {isa = PBXBuildFile; fileRef = 34B60C05244E3B29006C62B9 /* IPAddress.m */; };
		368A4C952458180A0020E6CE /* Ed25519KeyPair.m in Sources */ = {isa = PBXBuildFile; fileRef = 368A4C942458180A0020E6CE /* Ed25519KeyPair.m */; };
		368A4C9824581BE30020E6CE /* Ed25519PublicKey.m in Sources */ = {isa = PBXBuildFile; fileRef = 368A4C9724581BE30020E6CE /* Ed25519PublicKey.m */; };
		368A4C9A245AEF340020E6CE /* Security.framework in Frameworks */ = {isa = PBXBuildFile; fileRef = 368A4C99245AEF340020E6CE /* Security.framework */; };
		36EE71FF24506E1D00193D95 /* IOKit.framework in Frameworks */ = {isa = PBXBuildFile; fileRef = 36EE71FE24506E1D00193D95 /* IOKit.framework */; };
/* End PBXBuildFile section */

/* Begin PBXFileReference section */
		344EA681245591EB00CFEE0A /* KVPDictionary.h */ = {isa = PBXFileReference; fileEncoding = 4; lastKnownFileType = sourcecode.c.h; path = KVPDictionary.h; sourceTree = "<group>"; };
		344EA682245591EB00CFEE0A /* KVPDictionary.m */ = {isa = PBXFileReference; fileEncoding = 4; lastKnownFileType = sourcecode.c.objc; path = KVPDictionary.m; sourceTree = "<group>"; };
		344EA6852455CB1C00CFEE0A /* KVPMutableDictionary.h */ = {isa = PBXFileReference; fileEncoding = 4; lastKnownFileType = sourcecode.c.h; path = KVPMutableDictionary.h; sourceTree = "<group>"; };
		344EA6862455CB1D00CFEE0A /* KVPMutableDictionary.m */ = {isa = PBXFileReference; fileEncoding = 4; lastKnownFileType = sourcecode.c.objc; path = KVPMutableDictionary.m; sourceTree = "<group>"; };
		344EA6882455DBE600CFEE0A /* PDPMessage.h */ = {isa = PBXFileReference; fileEncoding = 4; lastKnownFileType = sourcecode.c.h; path = PDPMessage.h; sourceTree = "<group>"; };
		344EA6892455DBE700CFEE0A /* PDPMessage.m */ = {isa = PBXFileReference; fileEncoding = 4; lastKnownFileType = sourcecode.c.objc; path = PDPMessage.m; sourceTree = "<group>"; };
		344EA68F245783F900CFEE0A /* libsodium.a */ = {isa = PBXFileReference; lastKnownFileType = archive.ar; name = libsodium.a; path = libsodium/libsodium.a; sourceTree = "<group>"; };
		344EA691245784D800CFEE0A /* sodium.h */ = {isa = PBXFileReference; fileEncoding = 4; lastKnownFileType = sourcecode.c.h; name = sodium.h; path = libsodium/sodium.h; sourceTree = "<group>"; };
		344EA692245785BD00CFEE0A /* libsodium.a */ = {isa = PBXFileReference; lastKnownFileType = archive.ar; name = libsodium.a; path = libsodium/libsodium.a; sourceTree = "<group>"; };
		349345BC257276BC000132EF /* TCPServer.h */ = {isa = PBXFileReference; fileEncoding = 4; lastKnownFileType = sourcecode.c.h; path = TCPServer.h; sourceTree = "<group>"; };
		349345BD257276BC000132EF /* TCPServer.m */ = {isa = PBXFileReference; fileEncoding = 4; lastKnownFileType = sourcecode.c.objc; path = TCPServer.m; sourceTree = "<group>"; };
		349345BF25727771000132EF /* TCPConnection.h */ = {isa = PBXFileReference; fileEncoding = 4; lastKnownFileType = sourcecode.c.h; path = TCPConnection.h; sourceTree = "<group>"; };
		349345C025727772000132EF /* TCPConnection.m */ = {isa = PBXFileReference; fileEncoding = 4; lastKnownFileType = sourcecode.c.objc; path = TCPConnection.m; sourceTree = "<group>"; };
		3498D5EB244C8DD000DC2101 /* NSError+ConvenienceConstructors.h */ = {isa = PBXFileReference; fileEncoding = 4; lastKnownFileType = sourcecode.c.h; path = "NSError+ConvenienceConstructors.h"; sourceTree = "<group>"; };
		3498D5EC244C8DD000DC2101 /* NSError+ConvenienceConstructors.m */ = {isa = PBXFileReference; fileEncoding = 4; lastKnownFileType = sourcecode.c.objc; path = "NSError+ConvenienceConstructors.m"; sourceTree = "<group>"; };
		3498D5EE244CE6DC00DC2101 /* IPInterface.h */ = {isa = PBXFileReference; fileEncoding = 4; lastKnownFileType = sourcecode.c.h; path = IPInterface.h; sourceTree = "<group>"; };
		3498D5EF244CE6DC00DC2101 /* IPInterface.m */ = {isa = PBXFileReference; fileEncoding = 4; lastKnownFileType = sourcecode.c.objc; path = IPInterface.m; sourceTree = "<group>"; };
		349A85E12449CF6B001AE238 /* Oktett.app */ = {isa = PBXFileReference; explicitFileType = wrapper.application; includeInIndex = 0; path = Oktett.app; sourceTree = BUILT_PRODUCTS_DIR; };
		349A85E52449CF6B001AE238 /* Cocoa.framework */ = {isa = PBXFileReference; lastKnownFileType = wrapper.framework; name = Cocoa.framework; path = System/Library/Frameworks/Cocoa.framework; sourceTree = SDKROOT; };
		349A85E82449CF6B001AE238 /* AppKit.framework */ = {isa = PBXFileReference; lastKnownFileType = wrapper.framework; name = AppKit.framework; path = System/Library/Frameworks/AppKit.framework; sourceTree = SDKROOT; };
		349A85E92449CF6B001AE238 /* CoreData.framework */ = {isa = PBXFileReference; lastKnownFileType = wrapper.framework; name = CoreData.framework; path = System/Library/Frameworks/CoreData.framework; sourceTree = SDKROOT; };
		349A85EA2449CF6B001AE238 /* Foundation.framework */ = {isa = PBXFileReference; lastKnownFileType = wrapper.framework; name = Foundation.framework; path = System/Library/Frameworks/Foundation.framework; sourceTree = SDKROOT; };
		349A85ED2449CF6B001AE238 /* Oktett-Info.plist */ = {isa = PBXFileReference; lastKnownFileType = text.plist.xml; path = "Oktett-Info.plist"; sourceTree = "<group>"; };
		349A85EF2449CF6B001AE238 /* en */ = {isa = PBXFileReference; lastKnownFileType = text.plist.strings; name = en; path = en.lproj/InfoPlist.strings; sourceTree = "<group>"; };
		349A85F12449CF6B001AE238 /* Oktett-Prefix.pch */ = {isa = PBXFileReference; lastKnownFileType = sourcecode.c.h; path = "Oktett-Prefix.pch"; sourceTree = "<group>"; };
		349A85F22449CF6B001AE238 /* main.m */ = {isa = PBXFileReference; lastKnownFileType = sourcecode.c.objc; path = main.m; sourceTree = "<group>"; };
		349A85F52449CF6B001AE238 /* en */ = {isa = PBXFileReference; lastKnownFileType = text.rtf; name = en; path = en.lproj/Credits.rtf; sourceTree = "<group>"; };
		349A85F72449CF6B001AE238 /* OktettAppDelegate.h */ = {isa = PBXFileReference; lastKnownFileType = sourcecode.c.h; path = OktettAppDelegate.h; sourceTree = "<group>"; };
		349A85F82449CF6B001AE238 /* OktettAppDelegate.m */ = {isa = PBXFileReference; lastKnownFileType = sourcecode.c.objc; path = OktettAppDelegate.m; sourceTree = "<group>"; };
		349A85FB2449CF6B001AE238 /* en */ = {isa = PBXFileReference; lastKnownFileType = file.xib; name = en; path = en.lproj/MainMenu.xib; sourceTree = "<group>"; };
		349A86022449FEEB001AE238 /* OktettWindowController.h */ = {isa = PBXFileReference; fileEncoding = 4; lastKnownFileType = sourcecode.c.h; path = OktettWindowController.h; sourceTree = "<group>"; };
		349A86032449FEEB001AE238 /* OktettWindowController.m */ = {isa = PBXFileReference; fileEncoding = 4; lastKnownFileType = sourcecode.c.objc; path = OktettWindowController.m; sourceTree = "<group>"; };
		349E67E8244ECF7E00A2E741 /* UDPMessenger.h */ = {isa = PBXFileReference; fileEncoding = 4; lastKnownFileType = sourcecode.c.h; path = UDPMessenger.h; sourceTree = "<group>"; };
		349E67E9244ECF7E00A2E741 /* UDPMessenger.m */ = {isa = PBXFileReference; fileEncoding = 4; lastKnownFileType = sourcecode.c.objc; path = UDPMessenger.m; sourceTree = "<group>"; };
		349E67EC244EE4D800A2E741 /* PDPAgent.h */ = {isa = PBXFileReference; fileEncoding = 4; lastKnownFileType = sourcecode.c.h; path = PDPAgent.h; sourceTree = "<group>"; };
		349E67ED244EE4D800A2E741 /* PDPAgent.m */ = {isa = PBXFileReference; fileEncoding = 4; lastKnownFileType = sourcecode.c.objc; path = PDPAgent.m; sourceTree = "<group>"; };
		349E67EF244EE4F100A2E741 /* PDPPeer.h */ = {isa = PBXFileReference; fileEncoding = 4; lastKnownFileType = sourcecode.c.h; path = PDPPeer.h; sourceTree = "<group>"; };
		349E67F0244EE4F100A2E741 /* PDPPeer.m */ = {isa = PBXFileReference; fileEncoding = 4; lastKnownFileType = sourcecode.c.objc; path = PDPPeer.m; sourceTree = "<group>"; };
		349E6805245192D900A2E741 /* NSString+Additions.h */ = {isa = PBXFileReference; fileEncoding = 4; lastKnownFileType = sourcecode.c.h; path = "NSString+Additions.h"; sourceTree = "<group>"; };
		349E6806245192D900A2E741 /* NSString+Additions.m */ = {isa = PBXFileReference; fileEncoding = 4; lastKnownFileType = sourcecode.c.objc; path = "NSString+Additions.m"; sourceTree = "<group>"; };
		34AEE392244A3E90004E6CEC /* README.txt */ = {isa = PBXFileReference; fileEncoding = 4; lastKnownFileType = text; path = README.txt; sourceTree = "<group>"; };
		34B60C04244E3B29006C62B9 /* IPAddress.h */ = {isa = PBXFileReference; fileEncoding = 4; lastKnownFileType = sourcecode.c.h; path = IPAddress.h; sourceTree = "<group>"; };
		34B60C05244E3B29006C62B9 /* IPAddress.m */ = {isa = PBXFileReference; fileEncoding = 4; lastKnownFileType = sourcecode.c.objc; path = IPAddress.m; sourceTree = "<group>"; };
		368A4C932458180A0020E6CE /* Ed25519KeyPair.h */ = {isa = PBXFileReference; lastKnownFileType = sourcecode.c.h; path = Ed25519KeyPair.h; sourceTree = "<group>"; };
		368A4C942458180A0020E6CE /* Ed25519KeyPair.m */ = {isa = PBXFileReference; lastKnownFileType = sourcecode.c.objc; path = Ed25519KeyPair.m; sourceTree = "<group>"; };
		368A4C9624581BE30020E6CE /* Ed25519PublicKey.h */ = {isa = PBXFileReference; lastKnownFileType = sourcecode.c.h; path = Ed25519PublicKey.h; sourceTree = "<group>"; };
		368A4C9724581BE30020E6CE /* Ed25519PublicKey.m */ = {isa = PBXFileReference; lastKnownFileType = sourcecode.c.objc; path = Ed25519PublicKey.m; sourceTree = "<group>"; };
		368A4C99245AEF340020E6CE /* Security.framework */ = {isa = PBXFileReference; lastKnownFileType = wrapper.framework; name = Security.framework; path = System/Library/Frameworks/Security.framework; sourceTree = SDKROOT; };
		36EE71FE24506E1D00193D95 /* IOKit.framework */ = {isa = PBXFileReference; lastKnownFileType = wrapper.framework; name = IOKit.framework; path = System/Library/Frameworks/IOKit.framework; sourceTree = SDKROOT; };
/* End PBXFileReference section */

/* Begin PBXFrameworksBuildPhase section */
		349A85DE2449CF6B001AE238 /* Frameworks */ = {
			isa = PBXFrameworksBuildPhase;
			buildActionMask = 2147483647;
			files = (
				344EA690245783F900CFEE0A /* libsodium.a in Frameworks */,
				368A4C9A245AEF340020E6CE /* Security.framework in Frameworks */,
				349A85E62449CF6B001AE238 /* Cocoa.framework in Frameworks */,
				36EE71FF24506E1D00193D95 /* IOKit.framework in Frameworks */,
				344EA693245785BD00CFEE0A /* libsodium.a in Frameworks */,
			);
			runOnlyForDeploymentPostprocessing = 0;
		};
/* End PBXFrameworksBuildPhase section */

/* Begin PBXGroup section */
		344EA68B2457837C00CFEE0A /* Vendor */ = {
			isa = PBXGroup;
			children = (
				344EA691245784D800CFEE0A /* sodium.h */,
				344EA692245785BD00CFEE0A /* libsodium.a */,
			);
			name = Vendor;
			sourceTree = "<group>";
		};
		349A85D62449CF6A001AE238 = {
			isa = PBXGroup;
			children = (
				344EA68F245783F900CFEE0A /* libsodium.a */,
				344EA68B2457837C00CFEE0A /* Vendor */,
				349A85EB2449CF6B001AE238 /* Oktett */,
				349A85E42449CF6B001AE238 /* Frameworks */,
				349A85E22449CF6B001AE238 /* Products */,
			);
			sourceTree = "<group>";
		};
		349A85E22449CF6B001AE238 /* Products */ = {
			isa = PBXGroup;
			children = (
				349A85E12449CF6B001AE238 /* Oktett.app */,
			);
			name = Products;
			sourceTree = "<group>";
		};
		349A85E42449CF6B001AE238 /* Frameworks */ = {
			isa = PBXGroup;
			children = (
				368A4C99245AEF340020E6CE /* Security.framework */,
				36EE71FE24506E1D00193D95 /* IOKit.framework */,
				349A85E52449CF6B001AE238 /* Cocoa.framework */,
				349A85E72449CF6B001AE238 /* Other Frameworks */,
			);
			name = Frameworks;
			sourceTree = "<group>";
		};
		349A85E72449CF6B001AE238 /* Other Frameworks */ = {
			isa = PBXGroup;
			children = (
				349A85E82449CF6B001AE238 /* AppKit.framework */,
				349A85E92449CF6B001AE238 /* CoreData.framework */,
				349A85EA2449CF6B001AE238 /* Foundation.framework */,
			);
			name = "Other Frameworks";
			sourceTree = "<group>";
		};
		349A85EB2449CF6B001AE238 /* Oktett */ = {
			isa = PBXGroup;
			children = (
				349E67EB244EE4B500A2E741 /* Discovery Agent */,
				349E67E6244ECF0400A2E741 /* RawNetwork */,
				349A85F72449CF6B001AE238 /* OktettAppDelegate.h */,
				349A85F82449CF6B001AE238 /* OktettAppDelegate.m */,
				349A85FA2449CF6B001AE238 /* MainMenu.xib */,
				349A86022449FEEB001AE238 /* OktettWindowController.h */,
				349A86032449FEEB001AE238 /* OktettWindowController.m */,
				3498D5EB244C8DD000DC2101 /* NSError+ConvenienceConstructors.h */,
				3498D5EC244C8DD000DC2101 /* NSError+ConvenienceConstructors.m */,
				349E6805245192D900A2E741 /* NSString+Additions.h */,
				349E6806245192D900A2E741 /* NSString+Additions.m */,
				34AEE392244A3E90004E6CEC /* README.txt */,
				349A85EC2449CF6B001AE238 /* Supporting Files */,
			);
			path = Oktett;
			sourceTree = "<group>";
		};
		349A85EC2449CF6B001AE238 /* Supporting Files */ = {
			isa = PBXGroup;
			children = (
				349A85ED2449CF6B001AE238 /* Oktett-Info.plist */,
				349A85EE2449CF6B001AE238 /* InfoPlist.strings */,
				349A85F12449CF6B001AE238 /* Oktett-Prefix.pch */,
				349A85F22449CF6B001AE238 /* main.m */,
				349A85F42449CF6B001AE238 /* Credits.rtf */,
			);
			name = "Supporting Files";
			sourceTree = "<group>";
		};
		349E67E6244ECF0400A2E741 /* RawNetwork */ = {
			isa = PBXGroup;
			children = (
				34B60C04244E3B29006C62B9 /* IPAddress.h */,
				34B60C05244E3B29006C62B9 /* IPAddress.m */,
				3498D5EE244CE6DC00DC2101 /* IPInterface.h */,
				3498D5EF244CE6DC00DC2101 /* IPInterface.m */,
				349E67E8244ECF7E00A2E741 /* UDPMessenger.h */,
				349E67E9244ECF7E00A2E741 /* UDPMessenger.m */,
				349345BC257276BC000132EF /* TCPServer.h */,
				349345BD257276BC000132EF /* TCPServer.m */,
				349345BF25727771000132EF /* TCPConnection.h */,
				349345C025727772000132EF /* TCPConnection.m */,
			);
			name = RawNetwork;
			sourceTree = "<group>";
		};
		349E67EB244EE4B500A2E741 /* Discovery Agent */ = {
			isa = PBXGroup;
			children = (
				349E67EC244EE4D800A2E741 /* PDPAgent.h */,
				349E67ED244EE4D800A2E741 /* PDPAgent.m */,
				349E67EF244EE4F100A2E741 /* PDPPeer.h */,
				349E67F0244EE4F100A2E741 /* PDPPeer.m */,
				344EA681245591EB00CFEE0A /* KVPDictionary.h */,
				344EA682245591EB00CFEE0A /* KVPDictionary.m */,
				344EA6852455CB1C00CFEE0A /* KVPMutableDictionary.h */,
				344EA6862455CB1D00CFEE0A /* KVPMutableDictionary.m */,
				344EA6882455DBE600CFEE0A /* PDPMessage.h */,
				344EA6892455DBE700CFEE0A /* PDPMessage.m */,
				368A4C932458180A0020E6CE /* Ed25519KeyPair.h */,
				368A4C942458180A0020E6CE /* Ed25519KeyPair.m */,
				368A4C9624581BE30020E6CE /* Ed25519PublicKey.h */,
				368A4C9724581BE30020E6CE /* Ed25519PublicKey.m */,
			);
			name = "Discovery Agent";
			sourceTree = "<group>";
		};
/* End PBXGroup section */

/* Begin PBXNativeTarget section */
		349A85E02449CF6B001AE238 /* Oktett */ = {
			isa = PBXNativeTarget;
			buildConfigurationList = 349A85FF2449CF6B001AE238 /* Build configuration list for PBXNativeTarget "Oktett" */;
			buildPhases = (
				349A85DD2449CF6B001AE238 /* Sources */,
				349A85DE2449CF6B001AE238 /* Frameworks */,
				349A85DF2449CF6B001AE238 /* Resources */,
			);
			buildRules = (
			);
			dependencies = (
			);
			name = Oktett;
			productName = Oktett;
			productReference = 349A85E12449CF6B001AE238 /* Oktett.app */;
			productType = "com.apple.product-type.application";
		};
/* End PBXNativeTarget section */

/* Begin PBXProject section */
		349A85D82449CF6A001AE238 /* Project object */ = {
			isa = PBXProject;
			buildConfigurationList = 349A85DB2449CF6A001AE238 /* Build configuration list for PBXProject "Oktett" */;
			compatibilityVersion = "Xcode 3.2";
			developmentRegion = English;
			hasScannedForEncodings = 0;
			knownRegions = (
				en,
			);
			mainGroup = 349A85D62449CF6A001AE238;
			productRefGroup = 349A85E22449CF6B001AE238 /* Products */;
			projectDirPath = "";
			projectRoot = "";
			targets = (
				349A85E02449CF6B001AE238 /* Oktett */,
			);
		};
/* End PBXProject section */

/* Begin PBXResourcesBuildPhase section */
		349A85DF2449CF6B001AE238 /* Resources */ = {
			isa = PBXResourcesBuildPhase;
			buildActionMask = 2147483647;
			files = (
				349A85F02449CF6B001AE238 /* InfoPlist.strings in Resources */,
				349A85F62449CF6B001AE238 /* Credits.rtf in Resources */,
				349A85FC2449CF6B001AE238 /* MainMenu.xib in Resources */,
				34AEE393244A3E90004E6CEC /* README.txt in Resources */,
			);
			runOnlyForDeploymentPostprocessing = 0;
		};
/* End PBXResourcesBuildPhase section */

/* Begin PBXSourcesBuildPhase section */
		349A85DD2449CF6B001AE238 /* Sources */ = {
			isa = PBXSourcesBuildPhase;
			buildActionMask = 2147483647;
			files = (
				349A85F32449CF6B001AE238 /* main.m in Sources */,
				349A85F92449CF6B001AE238 /* OktettAppDelegate.m in Sources */,
				349A86042449FEEB001AE238 /* OktettWindowController.m in Sources */,
				3498D5ED244C8DD000DC2101 /* NSError+ConvenienceConstructors.m in Sources */,
				3498D5F0244CE6DC00DC2101 /* IPInterface.m in Sources */,
				34B60C06244E3B2A006C62B9 /* IPAddress.m in Sources */,
				349E67EA244ECF7E00A2E741 /* UDPMessenger.m in Sources */,
				349E67EE244EE4D800A2E741 /* PDPAgent.m in Sources */,
				349E67F1244EE4F100A2E741 /* PDPPeer.m in Sources */,
				368A4C952458180A0020E6CE /* Ed25519KeyPair.m in Sources */,
				349E6807245192D900A2E741 /* NSString+Additions.m in Sources */,
				344EA683245591EB00CFEE0A /* KVPDictionary.m in Sources */,
				344EA6872455CB1D00CFEE0A /* KVPMutableDictionary.m in Sources */,
				344EA68A2455DBE700CFEE0A /* PDPMessage.m in Sources */,
				368A4C9824581BE30020E6CE /* Ed25519PublicKey.m in Sources */,
				349345BE257276BC000132EF /* TCPServer.m in Sources */,
				349345C125727772000132EF /* TCPConnection.m in Sources */,
			);
			runOnlyForDeploymentPostprocessing = 0;
		};
/* End PBXSourcesBuildPhase section */

/* Begin PBXVariantGroup section */
		349A85EE2449CF6B001AE238 /* InfoPlist.strings */ = {
			isa = PBXVariantGroup;
			children = (
				349A85EF2449CF6B001AE238 /* en */,
			);
			name = InfoPlist.strings;
			sourceTree = "<group>";
		};
		349A85F42449CF6B001AE238 /* Credits.rtf */ = {
			isa = PBXVariantGroup;
			children = (
				349A85F52449CF6B001AE238 /* en */,
			);
			name = Credits.rtf;
			sourceTree = "<group>";
		};
		349A85FA2449CF6B001AE238 /* MainMenu.xib */ = {
			isa = PBXVariantGroup;
			children = (
				349A85FB2449CF6B001AE238 /* en */,
			);
			name = MainMenu.xib;
			sourceTree = "<group>";
		};
/* End PBXVariantGroup section */

/* Begin XCBuildConfiguration section */
		349A85FD2449CF6B001AE238 /* Debug */ = {
			isa = XCBuildConfiguration;
			buildSettings = {
				ARCHS = "$(ARCHS_STANDARD_32_64_BIT)";
				GCC_C_LANGUAGE_STANDARD = gnu99;
				GCC_OPTIMIZATION_LEVEL = 0;
				GCC_PREPROCESSOR_DEFINITIONS = DEBUG;
				GCC_SYMBOLS_PRIVATE_EXTERN = NO;
				GCC_VERSION = com.apple.compilers.llvm.clang.1_0;
				GCC_WARN_64_TO_32_BIT_CONVERSION = YES;
				GCC_WARN_ABOUT_RETURN_TYPE = YES;
				GCC_WARN_UNUSED_VARIABLE = YES;
				MACOSX_DEPLOYMENT_TARGET = 10.6;
				ONLY_ACTIVE_ARCH = YES;
				SDKROOT = macosx;
			};
			name = Debug;
		};
		349A85FE2449CF6B001AE238 /* Release */ = {
			isa = XCBuildConfiguration;
			buildSettings = {
				ARCHS = "$(ARCHS_STANDARD_32_64_BIT)";
				GCC_C_LANGUAGE_STANDARD = gnu99;
				GCC_VERSION = com.apple.compilers.llvm.clang.1_0;
				GCC_WARN_64_TO_32_BIT_CONVERSION = YES;
				GCC_WARN_ABOUT_RETURN_TYPE = YES;
				GCC_WARN_UNUSED_VARIABLE = YES;
				MACOSX_DEPLOYMENT_TARGET = 10.6;
				SDKROOT = macosx;
			};
			name = Release;
		};
		349A86002449CF6B001AE238 /* Debug */ = {
			isa = XCBuildConfiguration;
			buildSettings = {
				ALWAYS_SEARCH_USER_PATHS = NO;
				COPY_PHASE_STRIP = NO;
				GCC_DYNAMIC_NO_PIC = NO;
				GCC_ENABLE_OBJC_EXCEPTIONS = YES;
				GCC_PRECOMPILE_PREFIX_HEADER = YES;
				GCC_PREFIX_HEADER = "Oktett/Oktett-Prefix.pch";
				INFOPLIST_FILE = "Oktett/Oktett-Info.plist";
				LIBRARY_SEARCH_PATHS = (
					"$(inherited)",
					"\"$(SRCROOT)/libsodium\"",
				);
				PRODUCT_NAME = Oktett;
				WRAPPER_EXTENSION = app;
			};
			name = Debug;
		};
		349A86012449CF6B001AE238 /* Release */ = {
			isa = XCBuildConfiguration;
			buildSettings = {
				ALWAYS_SEARCH_USER_PATHS = NO;
				COPY_PHASE_STRIP = YES;
				DEBUG_INFORMATION_FORMAT = "dwarf-with-dsym";
				GCC_ENABLE_OBJC_EXCEPTIONS = YES;
				GCC_PRECOMPILE_PREFIX_HEADER = YES;
				GCC_PREFIX_HEADER = "Oktett/Oktett-Prefix.pch";
				INFOPLIST_FILE = "Oktett/Oktett-Info.plist";
				LIBRARY_SEARCH_PATHS = (
					"$(inherited)",
					"\"$(SRCROOT)/libsodium\"",
				);
				PRODUCT_NAME = Oktett;
				WRAPPER_EXTENSION = app;
			};
			name = Release;
		};
/* End XCBuildConfiguration section */

/* Begin XCConfigurationList section */
		349A85DB2449CF6A001AE238 /* Build configuration list for PBXProject "Oktett" */ = {
			isa = XCConfigurationList;
			buildConfigurations = (
				349A85FD2449CF6B001AE238 /* Debug */,
				349A85FE2449CF6B001AE238 /* Release */,
			);
			defaultConfigurationIsVisible = 0;
			defaultConfigurationName = Release;
		};
		349A85FF2449CF6B001AE238 /* Build configuration list for PBXNativeTarget "Oktett" */ = {
			isa = XCConfigurationList;
			buildConfigurations = (
				349A86002449CF6B001AE238 /* Debug */,
				349A86012449CF6B001AE238 /* Release */,
			);
			defaultConfigurationIsVisible = 0;
			defaultConfigurationName = Release;
		};
/* End XCConfigurationList section */
	};
	rootObject = 349A85D82449CF6A001AE238 /* Project object */;
}
